<?xml version="1.0" encoding="utf-8"?>
<Project ToolsVersion="17.0" xmlns="http://schemas.microsoft.com/developer/msbuild/2003">
  <ItemGroup>
    <CudaCompile Include="..\src\kernel\blake2b_device.cu">
      <Filter>src\kernel</Filter>
    </CudaCompile>
    <CudaCompile Include="..\src\kernel\kernel.cu">
      <Filter>src\kernel</Filter>
    </CudaCompile>
    <CudaCompile Include="..\src\kernel\memutils.cu">
      <Filter>src\kernel</Filter>
    </CudaCompile>
  </ItemGroup>
  <ItemGroup>
    <CustomBuild Include="D:\p\pastel-miner\CMakeLists.txt" />
  </ItemGroup>
  <ItemGroup>
    <Filter Include="src">
      <UniqueIdentifier>{70679EBF-4AF1-3074-A933-AAD507E04E39}</UniqueIdentifier>
    </Filter>
    <Filter Include="src\kernel">
      <UniqueIdentifier>{a33a4981-c126-48c9-b0d7-a43d50dff965}</UniqueIdentifier>
    </Filter>
    <Filter Include="src\equihash">
      <UniqueIdentifier>{42330cc1-2e1c-42ed-a6c2-5ddffa1c6d47}</UniqueIdentifier>
    </Filter>
    <Filter Include="src\stratum">
      <UniqueIdentifier>{0b196d08-0567-4e90-912c-9cea3b790252}</UniqueIdentifier>
    </Filter>
    <Filter Include="include">
      <UniqueIdentifier>{bd3354f3-937b-4079-8845-bbb31921fff8}</UniqueIdentifier>
    </Filter>
    <Filter Include="include\nlohmann">
      <UniqueIdentifier>{9516299b-1c88-43a7-81b9-0abde2816184}</UniqueIdentifier>
    </Filter>
    <Filter Include="src\utils">
      <UniqueIdentifier>{ca563dea-1521-4975-97a2-4a01dfad8a17}</UniqueIdentifier>
    </Filter>
  </ItemGroup>
  <ItemGroup>
    <ClInclude Include="..\include\blake2b.h">
      <Filter>include</Filter>
    </ClInclude>
    <ClInclude Include="..\include\local_types.h">
      <Filter>include</Filter>
    </ClInclude>
    <ClInclude Include="..\include\rpc_error.h">
      <Filter>include</Filter>
    </ClInclude>
    <ClInclude Include="..\include\scope_guard.hpp">
      <Filter>include</Filter>
    </ClInclude>
    <ClInclude Include="..\include\tinyformat.h">
      <Filter>include</Filter>
    </ClInclude>
    <ClInclude Include="..\include\nlohmann\json.hpp">
      <Filter>include\nlohmann</Filter>
    </ClInclude>
    <ClInclude Include="..\src\kernel\blake2b_device.h">
      <Filter>src\kernel</Filter>
    </ClInclude>
    <ClInclude Include="..\src\kernel\kernel.h">
      <Filter>src\kernel</Filter>
    </ClInclude>
    <ClInclude Include="..\src\kernel\memutils.h">
      <Filter>src\kernel</Filter>
    </ClInclude>
    <ClInclude Include="..\src\equihash\blake2b_host.h">
      <Filter>src\equihash</Filter>
    </ClInclude>
    <ClInclude Include="..\src\equihash\block.h">
      <Filter>src\equihash</Filter>
    </ClInclude>
    <ClInclude Include="..\src\equihash\equihash.h">
      <Filter>src\equihash</Filter>
    </ClInclude>
    <ClInclude Include="..\src\equihash\equihash-check.h">
      <Filter>src\equihash</Filter>
    </ClInclude>
    <ClInclude Include="..\src\equihash\equihash-helper.h">
      <Filter>src\equihash</Filter>
    </ClInclude>
    <ClInclude Include="..\src\equihash\equihash-types.h">
      <Filter>src\equihash</Filter>
    </ClInclude>
    <ClInclude Include="..\src\stratum\client.h">
      <Filter>src\stratum</Filter>
    </ClInclude>
    <ClInclude Include="..\src\stratum\miner.h">
      <Filter>src\stratum</Filter>
    </ClInclude>
    <ClInclude Include="..\src\utils\arith_uint256.h">
      <Filter>src\utils</Filter>
    </ClInclude>
    <ClInclude Include="..\src\utils\enum_util.h">
      <Filter>src\utils</Filter>
    </ClInclude>
    <ClInclude Include="..\src\utils\hash.h">
      <Filter>src\utils</Filter>
    </ClInclude>
    <ClInclude Include="..\src\utils\json-rpc-client.h">
      <Filter>src\utils</Filter>
    </ClInclude>
    <ClInclude Include="..\src\utils\numconvert.h">
      <Filter>src\utils</Filter>
    </ClInclude>
    <ClInclude Include="..\src\utils\random.h">
      <Filter>src\utils</Filter>
    </ClInclude>
    <ClInclude Include="..\src\utils\serialize.h">
      <Filter>src\utils</Filter>
    </ClInclude>
    <ClInclude Include="..\src\utils\sha256.h">
      <Filter>src\utils</Filter>
    </ClInclude>
    <ClInclude Include="..\src\utils\str_utils.h">
      <Filter>src\utils</Filter>
    </ClInclude>
    <ClInclude Include="..\src\utils\streams.h">
      <Filter>src\utils</Filter>
    </ClInclude>
    <ClInclude Include="..\src\utils\strencodings.h">
      <Filter>src\utils</Filter>
    </ClInclude>
    <ClInclude Include="..\src\utils\uint256.h">
      <Filter>src\utils</Filter>
    </ClInclude>
  </ItemGroup>
  <ItemGroup>
    <ClCompile Include="..\src\equihash\blake2b_host.cpp">
      <Filter>src\equihash</Filter>
    </ClCompile>
    <ClCompile Include="..\src\equihash\block.cpp">
      <Filter>src\equihash</Filter>
    </ClCompile>
    <ClCompile Include="..\src\equihash\equihash.cpp">
      <Filter>src\equihash</Filter>
    </ClCompile>
    <ClCompile Include="..\src\equihash\equihash-check.cpp">
      <Filter>src\equihash</Filter>
    </ClCompile>
    <ClCompile Include="..\src\equihash\equihash-helper.cpp">
      <Filter>src\equihash</Filter>
    </ClCompile>
    <ClCompile Include="..\src\stratum\client.cpp">
      <Filter>src\stratum</Filter>
    </ClCompile>
    <ClCompile Include="..\src\stratum\miner.cpp">
      <Filter>src\stratum</Filter>
    </ClCompile>
    <ClCompile Include="..\src\utils\arith_uint256.cpp">
      <Filter>src\utils</Filter>
    </ClCompile>
    <ClCompile Include="..\src\utils\json-rpc-client.cpp">
      <Filter>src\utils</Filter>
    </ClCompile>
    <ClCompile Include="..\src\utils\random.cpp">
      <Filter>src\utils</Filter>
    </ClCompile>
    <ClCompile Include="..\src\utils\sha256.cpp">
      <Filter>src\utils</Filter>
    </ClCompile>
    <ClCompile Include="..\src\utils\strencodings.cpp">
      <Filter>src\utils</Filter>
    </ClCompile>
    <ClCompile Include="..\src\utils\uint256.cpp">
      <Filter>src\utils</Filter>
    </ClCompile>
    <ClCompile Include="..\src\main.cpp">
      <Filter>src</Filter>
    </ClCompile>
  </ItemGroup>
</Project>