<?xml version="1.0" encoding="utf-8"?>
<Project ToolsVersion="17.0" xmlns="http://schemas.microsoft.com/developer/msbuild/2003">
  <ItemGroup>
    <CustomBuild Include="D:\p\pastel-miner\CMakeLists.txt" />
  </ItemGroup>
  <ItemGroup>
    <Filter Include="Source Files">
      <UniqueIdentifier>{70679EBF-4AF1-3074-A933-AAD507E04E39}</UniqueIdentifier>
    </Filter>
    <Filter Include="Source Files\include">
      <UniqueIdentifier>{c1a242b4-e376-40de-bfaf-7d89d7ce4d41}</UniqueIdentifier>
    </Filter>
    <Filter Include="Source Files\src">
      <UniqueIdentifier>{1e30c9a6-ff41-4d80-808f-24b03e0140e4}</UniqueIdentifier>
    </Filter>
    <Filter Include="Source Files\src\kernel">
      <UniqueIdentifier>{3d9794f6-c346-42cd-93f3-45c20d775b31}</UniqueIdentifier>
    </Filter>
    <Filter Include="Source Files\src\equihash">
      <UniqueIdentifier>{f8edc24a-247f-4360-976a-7abd1a3cccb4}</UniqueIdentifier>
    </Filter>
    <Filter Include="Source Files\src\utils">
      <UniqueIdentifier>{1c486a29-ff27-490f-804c-7673de7fec44}</UniqueIdentifier>
    </Filter>
    <Filter Include="Source Files\src\stratum">
      <UniqueIdentifier>{4c444621-2806-4686-a020-36f93b4febea}</UniqueIdentifier>
    </Filter>
  </ItemGroup>
  <ItemGroup>
    <ClCompile Include="..\src\gtest\miner_test.cpp">
      <Filter>Source Files\src</Filter>
    </ClCompile>
    <ClCompile Include="..\src\utils\arith_uint256.cpp">
      <Filter>Source Files\src\utils</Filter>
    </ClCompile>
    <ClCompile Include="..\src\utils\json-rpc-client.cpp">
      <Filter>Source Files\src\utils</Filter>
    </ClCompile>
    <ClCompile Include="..\src\utils\random.cpp">
      <Filter>Source Files\src\utils</Filter>
    </ClCompile>
    <ClCompile Include="..\src\utils\sha256.cpp">
      <Filter>Source Files\src\utils</Filter>
    </ClCompile>
    <ClCompile Include="..\src\utils\strencodings.cpp">
      <Filter>Source Files\src\utils</Filter>
    </ClCompile>
    <ClCompile Include="..\src\utils\uint256.cpp">
      <Filter>Source Files\src\utils</Filter>
    </ClCompile>
    <ClCompile Include="..\src\stratum\client.cpp">
      <Filter>Source Files\src\stratum</Filter>
    </ClCompile>
    <ClCompile Include="..\src\stratum\miner.cpp">
      <Filter>Source Files\src\stratum</Filter>
    </ClCompile>
    <ClCompile Include="..\src\equihash\blake2b_host.cpp">
      <Filter>Source Files\src\equihash</Filter>
    </ClCompile>
    <ClCompile Include="..\src\equihash\block.cpp">
      <Filter>Source Files\src\equihash</Filter>
    </ClCompile>
    <ClCompile Include="..\src\equihash\equihash.cpp">
      <Filter>Source Files\src\equihash</Filter>
    </ClCompile>
    <ClCompile Include="..\src\equihash\equihash-check.cpp">
      <Filter>Source Files\src\equihash</Filter>
    </ClCompile>
    <ClCompile Include="..\src\equihash\equihash-helper.cpp">
      <Filter>Source Files\src\equihash</Filter>
    </ClCompile>
  </ItemGroup>
  <ItemGroup>
    <ClInclude Include="..\src\utils\arith_uint256.h">
      <Filter>Source Files\src\utils</Filter>
    </ClInclude>
    <ClInclude Include="..\src\utils\enum_util.h">
      <Filter>Source Files\src\utils</Filter>
    </ClInclude>
    <ClInclude Include="..\src\utils\hash.h">
      <Filter>Source Files\src\utils</Filter>
    </ClInclude>
    <ClInclude Include="..\src\utils\json-rpc-client.h">
      <Filter>Source Files\src\utils</Filter>
    </ClInclude>
    <ClInclude Include="..\src\utils\numconvert.h">
      <Filter>Source Files\src\utils</Filter>
    </ClInclude>
    <ClInclude Include="..\src\utils\random.h">
      <Filter>Source Files\src\utils</Filter>
    </ClInclude>
    <ClInclude Include="..\src\utils\serialize.h">
      <Filter>Source Files\src\utils</Filter>
    </ClInclude>
    <ClInclude Include="..\src\utils\sha256.h">
      <Filter>Source Files\src\utils</Filter>
    </ClInclude>
    <ClInclude Include="..\src\utils\str_utils.h">
      <Filter>Source Files\src\utils</Filter>
    </ClInclude>
    <ClInclude Include="..\src\utils\streams.h">
      <Filter>Source Files\src\utils</Filter>
    </ClInclude>
    <ClInclude Include="..\src\utils\strencodings.h">
      <Filter>Source Files\src\utils</Filter>
    </ClInclude>
    <ClInclude Include="..\src\utils\uint256.h">
      <Filter>Source Files\src\utils</Filter>
    </ClInclude>
    <ClInclude Include="..\src\stratum\client.h">
      <Filter>Source Files\src\stratum</Filter>
    </ClInclude>
    <ClInclude Include="..\src\stratum\miner.h">
      <Filter>Source Files\src\stratum</Filter>
    </ClInclude>
    <ClInclude Include="..\src\equihash\blake2b_host.h">
      <Filter>Source Files\src\equihash</Filter>
    </ClInclude>
    <ClInclude Include="..\src\equihash\block.h">
      <Filter>Source Files\src\equihash</Filter>
    </ClInclude>
    <ClInclude Include="..\src\equihash\equihash.h">
      <Filter>Source Files\src\equihash</Filter>
    </ClInclude>
    <ClInclude Include="..\src\equihash\equihash-check.h">
      <Filter>Source Files\src\equihash</Filter>
    </ClInclude>
    <ClInclude Include="..\src\equihash\equihash-helper.h">
      <Filter>Source Files\src\equihash</Filter>
    </ClInclude>
    <ClInclude Include="..\src\equihash\equihash-types.h">
      <Filter>Source Files\src\equihash</Filter>
    </ClInclude>
    <ClInclude Include="..\src\kernel\blake2b_device.h">
      <Filter>Source Files\src\kernel</Filter>
    </ClInclude>
    <ClInclude Include="..\src\kernel\kernel.h">
      <Filter>Source Files\src\kernel</Filter>
    </ClInclude>
    <ClInclude Include="..\src\kernel\memutils.h">
      <Filter>Source Files\src\kernel</Filter>
    </ClInclude>
  </ItemGroup>
  <ItemGroup>
    <CudaCompile Include="..\src\kernel\blake2b_device.cu">
      <Filter>Source Files\src\kernel</Filter>
    </CudaCompile>
    <CudaCompile Include="..\src\kernel\kernel.cu">
      <Filter>Source Files\src\kernel</Filter>
    </CudaCompile>
    <CudaCompile Include="..\src\kernel\memutils.cu">
      <Filter>Source Files\src\kernel</Filter>
    </CudaCompile>
  </ItemGroup>
</Project>