<?xml version="1.0" encoding="utf-8"?>
<Project ToolsVersion="17.0" xmlns="http://schemas.microsoft.com/developer/msbuild/2003">
  <ItemGroup>
    <CustomBuild Include="D:\p\pastel-miner\build-aux\CMakeFiles\f9482e19a53b782da3874a1ef14c0428\generate.stamp.rule">
      <Filter>CMake Rules</Filter>
    </CustomBuild>
  </ItemGroup>
  <ItemGroup>
    <Filter Include="CMake Rules">
      <UniqueIdentifier>{C61AC159-603C-39A8-B71A-331238EE64E0}</UniqueIdentifier>
    </Filter>
  </ItemGroup>
</Project>
